
Microsoft Visual Studio Solution File, Format Version 12.00
# Visual Studio Version 17
VisualStudioVersion = 17.7.34031.279
MinimumVisualStudioVersion = 10.0.40219.1
Project("{FAE04EC0-301F-11D3-BF4B-00C04F79EFBC}") = "vetores", "ConsoleApp3\vetores.csproj", "{0B5D77F8-633B-4870-9B93-3EE40DB49F3D}"
EndProject
Global
	GlobalSection(SolutionConfigurationPlatforms) = preSolution
		Debug|Any CPU = Debug|Any CPU
		Release|Any CPU = Release|Any CPU
	EndGlobalSection
	GlobalSection(ProjectConfigurationPlatforms) = postSolution
		{0B5D77F8-633B-4870-9B93-3EE40DB49F3D}.Debug|Any CPU.ActiveCfg = Debug|Any CPU
		{0B5D77F8-633B-4870-9B93-3EE40DB49F3D}.Debug|Any CPU.Build.0 = Debug|Any CPU
		{0B5D77F8-633B-4870-9B93-3EE40DB49F3D}.Release|Any CPU.ActiveCfg = Release|Any CPU
		{0B5D77F8-633B-4870-9B93-3EE40DB49F3D}.Release|Any CPU.Build.0 = Release|Any CPU
	EndGlobalSection
	GlobalSection(SolutionProperties) = preSolution
		HideSolutionNode = FALSE
	EndGlobalSection
	GlobalSection(ExtensibilityGlobals) = postSolution
		SolutionGuid = {E5AE0FAF-D5A9-4666-888C-BD3C7077D555}
	EndGlobalSection
EndGlobal
